// !$*UTF8*$!
{
	archiveVersion = 1;
	classes = {
	};
	objectVersion = 56;
	objects = {

/* Begin PBXBuildFile section */
		7D21923329ED8EA1007FEEA0 /* TrackMyHabitsApp.swift in Sources */ = {isa = PBXBuildFile; fileRef = 7D21923229ED8EA1007FEEA0 /* TrackMyHabitsApp.swift */; };
		7D21923529ED8EA1007FEEA0 /* ContentView.swift in Sources */ = {isa = PBXBuildFile; fileRef = 7D21923429ED8EA1007FEEA0 /* ContentView.swift */; };
		7D21923729ED8EA3007FEEA0 /* Assets.xcassets in Resources */ = {isa = PBXBuildFile; fileRef = 7D21923629ED8EA3007FEEA0 /* Assets.xcassets */; };
		7D21923A29ED8EA3007FEEA0 /* Preview Assets.xcassets in Resources */ = {isa = PBXBuildFile; fileRef = 7D21923929ED8EA3007FEEA0 /* Preview Assets.xcassets */; };
		7D21924329ED9010007FEEA0 /* FirebaseAuth in Frameworks */ = {isa = PBXBuildFile; productRef = 7D21924229ED9010007FEEA0 /* FirebaseAuth */; };
		7D21924529ED9010007FEEA0 /* FirebaseFirestore in Frameworks */ = {isa = PBXBuildFile; productRef = 7D21924429ED9010007FEEA0 /* FirebaseFirestore */; };
		7D21924729ED9010007FEEA0 /* FirebaseStorage in Frameworks */ = {isa = PBXBuildFile; productRef = 7D21924629ED9010007FEEA0 /* FirebaseStorage */; };
		7D21924A29ED91A9007FEEA0 /* GoogleService-Info.plist in Resources */ = {isa = PBXBuildFile; fileRef = 7D21924929ED91A8007FEEA0 /* GoogleService-Info.plist */; };
		7D21924F29ED93B1007FEEA0 /* PasswordHelper.swift in Sources */ = {isa = PBXBuildFile; fileRef = 7D21924E29ED93B1007FEEA0 /* PasswordHelper.swift */; };
		7D21925229ED9418007FEEA0 /* CharChecker.swift in Sources */ = {isa = PBXBuildFile; fileRef = 7D21925129ED9418007FEEA0 /* CharChecker.swift */; };
		7D21925529ED9499007FEEA0 /* OptionalView.swift in Sources */ = {isa = PBXBuildFile; fileRef = 7D21925429ED9499007FEEA0 /* OptionalView.swift */; };
		7D21925929ED9561007FEEA0 /* GeoReaderView.swift in Sources */ = {isa = PBXBuildFile; fileRef = 7D21925829ED9561007FEEA0 /* GeoReaderView.swift */; };
		7D21925B29ED9628007FEEA0 /* ToggleSecurefieldView.swift in Sources */ = {isa = PBXBuildFile; fileRef = 7D21925A29ED9628007FEEA0 /* ToggleSecurefieldView.swift */; };
		7D21925E29ED9683007FEEA0 /* LoginModifier.swift in Sources */ = {isa = PBXBuildFile; fileRef = 7D21925D29ED9683007FEEA0 /* LoginModifier.swift */; };
		7D21926029ED9720007FEEA0 /* PasswordStrengthView.swift in Sources */ = {isa = PBXBuildFile; fileRef = 7D21925F29ED9720007FEEA0 /* PasswordStrengthView.swift */; };
		7D21926229ED9747007FEEA0 /* SignupView.swift in Sources */ = {isa = PBXBuildFile; fileRef = 7D21926129ED9747007FEEA0 /* SignupView.swift */; };
		7D21926429ED97DC007FEEA0 /* LoginView.swift in Sources */ = {isa = PBXBuildFile; fileRef = 7D21926329ED97DC007FEEA0 /* LoginView.swift */; };
		7D21926829ED9842007FEEA0 /* AppGlobal.swift in Sources */ = {isa = PBXBuildFile; fileRef = 7D21926729ED9842007FEEA0 /* AppGlobal.swift */; };
		7D21926B29ED9872007FEEA0 /* PasswordLevel.swift in Sources */ = {isa = PBXBuildFile; fileRef = 7D21926A29ED9872007FEEA0 /* PasswordLevel.swift */; };
		7D21926E29ED98AD007FEEA0 /* AppExtensions.swift in Sources */ = {isa = PBXBuildFile; fileRef = 7D21926D29ED98AD007FEEA0 /* AppExtensions.swift */; };
		7D21927029ED9917007FEEA0 /* Dummy.swift in Sources */ = {isa = PBXBuildFile; fileRef = 7D21926F29ED9917007FEEA0 /* Dummy.swift */; };
		7D21927229ED99B9007FEEA0 /* DeviceRotationModifier.swift in Sources */ = {isa = PBXBuildFile; fileRef = 7D21927129ED99B9007FEEA0 /* DeviceRotationModifier.swift */; };
		7D21927429EDC640007FEEA0 /* User.swift in Sources */ = {isa = PBXBuildFile; fileRef = 7D21927329EDC640007FEEA0 /* User.swift */; };
		7D21927829F04A29007FEEA0 /* FirestoreRepository.swift in Sources */ = {isa = PBXBuildFile; fileRef = 7D21927729F04A29007FEEA0 /* FirestoreRepository.swift */; };
		7D21927D29F05112007FEEA0 /* FirebaseFirestoreSwift in Frameworks */ = {isa = PBXBuildFile; productRef = 7D21927C29F05112007FEEA0 /* FirebaseFirestoreSwift */; };
		7D21927F29F053DE007FEEA0 /* ThrowableResult.swift in Sources */ = {isa = PBXBuildFile; fileRef = 7D21927E29F053DE007FEEA0 /* ThrowableResult.swift */; };
		7D21928329F06F60007FEEA0 /* ProfileView.swift in Sources */ = {isa = PBXBuildFile; fileRef = 7D21928229F06F60007FEEA0 /* ProfileView.swift */; };
		7D21928929F1BE58007FEEA0 /* HabitView.swift in Sources */ = {isa = PBXBuildFile; fileRef = 7D21928829F1BE58007FEEA0 /* HabitView.swift */; };
		7D21928B29F2CBE6007FEEA0 /* ItemRow.swift in Sources */ = {isa = PBXBuildFile; fileRef = 7D21928A29F2CBE6007FEEA0 /* ItemRow.swift */; };
		7D21928D29F2D130007FEEA0 /* DateTime.swift in Sources */ = {isa = PBXBuildFile; fileRef = 7D21928C29F2D130007FEEA0 /* DateTime.swift */; };
		7D47740129F2F7DC00FD1756 /* StatusCardView.swift in Sources */ = {isa = PBXBuildFile; fileRef = 7D47740029F2F7DC00FD1756 /* StatusCardView.swift */; };
		7D47740329F2FC0E00FD1756 /* FillFormModifier.swift in Sources */ = {isa = PBXBuildFile; fileRef = 7D47740229F2FC0E00FD1756 /* FillFormModifier.swift */; };
		7D47740529F2FC5C00FD1756 /* FormButtonModifier.swift in Sources */ = {isa = PBXBuildFile; fileRef = 7D47740429F2FC5C00FD1756 /* FormButtonModifier.swift */; };
		7D47740729F2FC7500FD1756 /* SectionHeaderModifier.swift in Sources */ = {isa = PBXBuildFile; fileRef = 7D47740629F2FC7500FD1756 /* SectionHeaderModifier.swift */; };
		7D47740929F3D52400FD1756 /* NavigationButton.swift in Sources */ = {isa = PBXBuildFile; fileRef = 7D47740829F3D52400FD1756 /* NavigationButton.swift */; };
		7D47740B29F5010000FD1756 /* HeaderSubHeaderView.swift in Sources */ = {isa = PBXBuildFile; fileRef = 7D47740A29F5010000FD1756 /* HeaderSubHeaderView.swift */; };
		7D47740F29F5030500FD1756 /* NavigationViewModifier.swift in Sources */ = {isa = PBXBuildFile; fileRef = 7D47740E29F5030500FD1756 /* NavigationViewModifier.swift */; };
		7D47741429F50F2B00FD1756 /* ImagePicker.swift in Sources */ = {isa = PBXBuildFile; fileRef = 7D47741329F50F2B00FD1756 /* ImagePicker.swift */; };
		7D47741629F539D400FD1756 /* PhotoGalleryPermissionHandler.swift in Sources */ = {isa = PBXBuildFile; fileRef = 7D47741529F539D400FD1756 /* PhotoGalleryPermissionHandler.swift */; };
		7D47741A29F5B04900FD1756 /* SettingsCardView.swift in Sources */ = {isa = PBXBuildFile; fileRef = 7D47741929F5B04900FD1756 /* SettingsCardView.swift */; };
		7D47741C29F6C64F00FD1756 /* FileHandler.swift in Sources */ = {isa = PBXBuildFile; fileRef = 7D47741B29F6C64F00FD1756 /* FileHandler.swift */; };
		7D47741E29F6CDD900FD1756 /* ImageExt.swift in Sources */ = {isa = PBXBuildFile; fileRef = 7D47741D29F6CDD900FD1756 /* ImageExt.swift */; };
		7D47742029F6E27400FD1756 /* HabitCardView.swift in Sources */ = {isa = PBXBuildFile; fileRef = 7D47741F29F6E27400FD1756 /* HabitCardView.swift */; };
		7D47742429F842A300FD1756 /* FirestoreViewModel.swift in Sources */ = {isa = PBXBuildFile; fileRef = 7D47742329F842A300FD1756 /* FirestoreViewModel.swift */; };
		7D47742629F8719A00FD1756 /* FirebaseAuth.swift in Sources */ = {isa = PBXBuildFile; fileRef = 7D47742529F8719A00FD1756 /* FirebaseAuth.swift */; };
		7D47742829F96A6600FD1756 /* AddHabitView.swift in Sources */ = {isa = PBXBuildFile; fileRef = 7D47742729F96A6600FD1756 /* AddHabitView.swift */; };
		7D47742A29F9AEFA00FD1756 /* NotificationPermissionHandler.swift in Sources */ = {isa = PBXBuildFile; fileRef = 7D47742929F9AEFA00FD1756 /* NotificationPermissionHandler.swift */; };
		7D47742C29FC0A7A00FD1756 /* WeekDays.swift in Sources */ = {isa = PBXBuildFile; fileRef = 7D47742B29FC0A7A00FD1756 /* WeekDays.swift */; };
/* End PBXBuildFile section */

/* Begin PBXFileReference section */
		7D21922F29ED8EA1007FEEA0 /* TrackMyHabits.app */ = {isa = PBXFileReference; explicitFileType = wrapper.application; includeInIndex = 0; path = TrackMyHabits.app; sourceTree = BUILT_PRODUCTS_DIR; };
		7D21923229ED8EA1007FEEA0 /* TrackMyHabitsApp.swift */ = {isa = PBXFileReference; lastKnownFileType = sourcecode.swift; path = TrackMyHabitsApp.swift; sourceTree = "<group>"; };
		7D21923429ED8EA1007FEEA0 /* ContentView.swift */ = {isa = PBXFileReference; lastKnownFileType = sourcecode.swift; path = ContentView.swift; sourceTree = "<group>"; };
		7D21923629ED8EA3007FEEA0 /* Assets.xcassets */ = {isa = PBXFileReference; lastKnownFileType = folder.assetcatalog; path = Assets.xcassets; sourceTree = "<group>"; };
		7D21923929ED8EA3007FEEA0 /* Preview Assets.xcassets */ = {isa = PBXFileReference; lastKnownFileType = folder.assetcatalog; path = "Preview Assets.xcassets"; sourceTree = "<group>"; };
		7D21924029ED8ED0007FEEA0 /* Info.plist */ = {isa = PBXFileReference; lastKnownFileType = text.plist; path = Info.plist; sourceTree = "<group>"; };
		7D21924929ED91A8007FEEA0 /* GoogleService-Info.plist */ = {isa = PBXFileReference; fileEncoding = 4; lastKnownFileType = text.plist.xml; path = "GoogleService-Info.plist"; sourceTree = "<group>"; };
		7D21924E29ED93B1007FEEA0 /* PasswordHelper.swift */ = {isa = PBXFileReference; lastKnownFileType = sourcecode.swift; path = PasswordHelper.swift; sourceTree = "<group>"; };
		7D21925129ED9418007FEEA0 /* CharChecker.swift */ = {isa = PBXFileReference; lastKnownFileType = sourcecode.swift; path = CharChecker.swift; sourceTree = "<group>"; };
		7D21925429ED9499007FEEA0 /* OptionalView.swift */ = {isa = PBXFileReference; lastKnownFileType = sourcecode.swift; path = OptionalView.swift; sourceTree = "<group>"; };
		7D21925829ED9561007FEEA0 /* GeoReaderView.swift */ = {isa = PBXFileReference; lastKnownFileType = sourcecode.swift; path = GeoReaderView.swift; sourceTree = "<group>"; };
		7D21925A29ED9628007FEEA0 /* ToggleSecurefieldView.swift */ = {isa = PBXFileReference; lastKnownFileType = sourcecode.swift; path = ToggleSecurefieldView.swift; sourceTree = "<group>"; };
		7D21925D29ED9683007FEEA0 /* LoginModifier.swift */ = {isa = PBXFileReference; lastKnownFileType = sourcecode.swift; path = LoginModifier.swift; sourceTree = "<group>"; };
		7D21925F29ED9720007FEEA0 /* PasswordStrengthView.swift */ = {isa = PBXFileReference; lastKnownFileType = sourcecode.swift; path = PasswordStrengthView.swift; sourceTree = "<group>"; };
		7D21926129ED9747007FEEA0 /* SignupView.swift */ = {isa = PBXFileReference; lastKnownFileType = sourcecode.swift; path = SignupView.swift; sourceTree = "<group>"; };
		7D21926329ED97DC007FEEA0 /* LoginView.swift */ = {isa = PBXFileReference; lastKnownFileType = sourcecode.swift; path = LoginView.swift; sourceTree = "<group>"; };
		7D21926729ED9842007FEEA0 /* AppGlobal.swift */ = {isa = PBXFileReference; lastKnownFileType = sourcecode.swift; path = AppGlobal.swift; sourceTree = "<group>"; };
		7D21926A29ED9872007FEEA0 /* PasswordLevel.swift */ = {isa = PBXFileReference; lastKnownFileType = sourcecode.swift; path = PasswordLevel.swift; sourceTree = "<group>"; };
		7D21926D29ED98AD007FEEA0 /* AppExtensions.swift */ = {isa = PBXFileReference; lastKnownFileType = sourcecode.swift; path = AppExtensions.swift; sourceTree = "<group>"; };
		7D21926F29ED9917007FEEA0 /* Dummy.swift */ = {isa = PBXFileReference; lastKnownFileType = sourcecode.swift; path = Dummy.swift; sourceTree = "<group>"; };
		7D21927129ED99B9007FEEA0 /* DeviceRotationModifier.swift */ = {isa = PBXFileReference; lastKnownFileType = sourcecode.swift; path = DeviceRotationModifier.swift; sourceTree = "<group>"; };
		7D21927329EDC640007FEEA0 /* User.swift */ = {isa = PBXFileReference; lastKnownFileType = sourcecode.swift; path = User.swift; sourceTree = "<group>"; };
		7D21927729F04A29007FEEA0 /* FirestoreRepository.swift */ = {isa = PBXFileReference; lastKnownFileType = sourcecode.swift; path = FirestoreRepository.swift; sourceTree = "<group>"; };
		7D21927E29F053DE007FEEA0 /* ThrowableResult.swift */ = {isa = PBXFileReference; lastKnownFileType = sourcecode.swift; path = ThrowableResult.swift; sourceTree = "<group>"; };
		7D21928229F06F60007FEEA0 /* ProfileView.swift */ = {isa = PBXFileReference; lastKnownFileType = sourcecode.swift; path = ProfileView.swift; sourceTree = "<group>"; };
		7D21928829F1BE58007FEEA0 /* HabitView.swift */ = {isa = PBXFileReference; lastKnownFileType = sourcecode.swift; path = HabitView.swift; sourceTree = "<group>"; };
		7D21928A29F2CBE6007FEEA0 /* ItemRow.swift */ = {isa = PBXFileReference; lastKnownFileType = sourcecode.swift; path = ItemRow.swift; sourceTree = "<group>"; };
		7D21928C29F2D130007FEEA0 /* DateTime.swift */ = {isa = PBXFileReference; lastKnownFileType = sourcecode.swift; path = DateTime.swift; sourceTree = "<group>"; };
		7D47740029F2F7DC00FD1756 /* StatusCardView.swift */ = {isa = PBXFileReference; lastKnownFileType = sourcecode.swift; path = StatusCardView.swift; sourceTree = "<group>"; };
		7D47740229F2FC0E00FD1756 /* FillFormModifier.swift */ = {isa = PBXFileReference; lastKnownFileType = sourcecode.swift; path = FillFormModifier.swift; sourceTree = "<group>"; };
		7D47740429F2FC5C00FD1756 /* FormButtonModifier.swift */ = {isa = PBXFileReference; lastKnownFileType = sourcecode.swift; path = FormButtonModifier.swift; sourceTree = "<group>"; };
		7D47740629F2FC7500FD1756 /* SectionHeaderModifier.swift */ = {isa = PBXFileReference; lastKnownFileType = sourcecode.swift; path = SectionHeaderModifier.swift; sourceTree = "<group>"; };
		7D47740829F3D52400FD1756 /* NavigationButton.swift */ = {isa = PBXFileReference; lastKnownFileType = sourcecode.swift; path = NavigationButton.swift; sourceTree = "<group>"; };
		7D47740A29F5010000FD1756 /* HeaderSubHeaderView.swift */ = {isa = PBXFileReference; lastKnownFileType = sourcecode.swift; path = HeaderSubHeaderView.swift; sourceTree = "<group>"; };
		7D47740E29F5030500FD1756 /* NavigationViewModifier.swift */ = {isa = PBXFileReference; lastKnownFileType = sourcecode.swift; path = NavigationViewModifier.swift; sourceTree = "<group>"; };
		7D47741329F50F2B00FD1756 /* ImagePicker.swift */ = {isa = PBXFileReference; lastKnownFileType = sourcecode.swift; path = ImagePicker.swift; sourceTree = "<group>"; };
		7D47741529F539D400FD1756 /* PhotoGalleryPermissionHandler.swift */ = {isa = PBXFileReference; lastKnownFileType = sourcecode.swift; path = PhotoGalleryPermissionHandler.swift; sourceTree = "<group>"; };
		7D47741929F5B04900FD1756 /* SettingsCardView.swift */ = {isa = PBXFileReference; lastKnownFileType = sourcecode.swift; path = SettingsCardView.swift; sourceTree = "<group>"; };
		7D47741B29F6C64F00FD1756 /* FileHandler.swift */ = {isa = PBXFileReference; lastKnownFileType = sourcecode.swift; path = FileHandler.swift; sourceTree = "<group>"; };
		7D47741D29F6CDD900FD1756 /* ImageExt.swift */ = {isa = PBXFileReference; lastKnownFileType = sourcecode.swift; path = ImageExt.swift; sourceTree = "<group>"; };
		7D47741F29F6E27400FD1756 /* HabitCardView.swift */ = {isa = PBXFileReference; lastKnownFileType = sourcecode.swift; path = HabitCardView.swift; sourceTree = "<group>"; };
		7D47742329F842A300FD1756 /* FirestoreViewModel.swift */ = {isa = PBXFileReference; lastKnownFileType = sourcecode.swift; path = FirestoreViewModel.swift; sourceTree = "<group>"; };
		7D47742529F8719A00FD1756 /* FirebaseAuth.swift */ = {isa = PBXFileReference; lastKnownFileType = sourcecode.swift; path = FirebaseAuth.swift; sourceTree = "<group>"; };
		7D47742729F96A6600FD1756 /* AddHabitView.swift */ = {isa = PBXFileReference; lastKnownFileType = sourcecode.swift; path = AddHabitView.swift; sourceTree = "<group>"; };
		7D47742929F9AEFA00FD1756 /* NotificationPermissionHandler.swift */ = {isa = PBXFileReference; lastKnownFileType = sourcecode.swift; path = NotificationPermissionHandler.swift; sourceTree = "<group>"; };
		7D47742B29FC0A7A00FD1756 /* WeekDays.swift */ = {isa = PBXFileReference; lastKnownFileType = sourcecode.swift; path = WeekDays.swift; sourceTree = "<group>"; };
/* End PBXFileReference section */

/* Begin PBXFrameworksBuildPhase section */
		7D21922C29ED8EA1007FEEA0 /* Frameworks */ = {
			isa = PBXFrameworksBuildPhase;
			buildActionMask = 2147483647;
			files = (
				7D21924329ED9010007FEEA0 /* FirebaseAuth in Frameworks */,
				7D21924529ED9010007FEEA0 /* FirebaseFirestore in Frameworks */,
				7D21924729ED9010007FEEA0 /* FirebaseStorage in Frameworks */,
				7D21927D29F05112007FEEA0 /* FirebaseFirestoreSwift in Frameworks */,
			);
			runOnlyForDeploymentPostprocessing = 0;
		};
/* End PBXFrameworksBuildPhase section */

/* Begin PBXGroup section */
		7D21922629ED8EA1007FEEA0 = {
			isa = PBXGroup;
			children = (
				7D21923129ED8EA1007FEEA0 /* TrackMyHabits */,
				7D21923029ED8EA1007FEEA0 /* Products */,
				7D21927B29F05112007FEEA0 /* Frameworks */,
			);
			sourceTree = "<group>";
		};
		7D21923029ED8EA1007FEEA0 /* Products */ = {
			isa = PBXGroup;
			children = (
				7D21922F29ED8EA1007FEEA0 /* TrackMyHabits.app */,
			);
			name = Products;
			sourceTree = "<group>";
		};
		7D21923129ED8EA1007FEEA0 /* TrackMyHabits */ = {
			isa = PBXGroup;
			children = (
				7D47741229F50F1800FD1756 /* Controller */,
				7D47741129F5061E00FD1756 /* CardView */,
				7D47741029F504CD00FD1756 /* PageView */,
				7D21926C29ED9887007FEEA0 /* Extension */,
				7D21926929ED985E007FEEA0 /* Enum */,
				7D21926629ED9833007FEEA0 /* Global */,
				7D21925C29ED9665007FEEA0 /* ViewModifier */,
				7D21925329ED9487007FEEA0 /* Protocol */,
				7D21925029ED93DB007FEEA0 /* Struct */,
				7D21924B29ED932D007FEEA0 /* Observable */,
				7D21924829ED9031007FEEA0 /* View */,
				7D21923229ED8EA1007FEEA0 /* TrackMyHabitsApp.swift */,
				7D21923429ED8EA1007FEEA0 /* ContentView.swift */,
				7D21924029ED8ED0007FEEA0 /* Info.plist */,
				7D21923629ED8EA3007FEEA0 /* Assets.xcassets */,
				7D21924929ED91A8007FEEA0 /* GoogleService-Info.plist */,
				7D21923829ED8EA3007FEEA0 /* Preview Content */,
			);
			path = TrackMyHabits;
			sourceTree = "<group>";
		};
		7D21923829ED8EA3007FEEA0 /* Preview Content */ = {
			isa = PBXGroup;
			children = (
				7D21923929ED8EA3007FEEA0 /* Preview Assets.xcassets */,
			);
			path = "Preview Content";
			sourceTree = "<group>";
		};
		7D21924829ED9031007FEEA0 /* View */ = {
			isa = PBXGroup;
			children = (
				7D21925829ED9561007FEEA0 /* GeoReaderView.swift */,
				7D21925A29ED9628007FEEA0 /* ToggleSecurefieldView.swift */,
				7D21925F29ED9720007FEEA0 /* PasswordStrengthView.swift */,
				7D21928A29F2CBE6007FEEA0 /* ItemRow.swift */,
				7D47740829F3D52400FD1756 /* NavigationButton.swift */,
				7D47740A29F5010000FD1756 /* HeaderSubHeaderView.swift */,
			);
			path = View;
			sourceTree = "<group>";
		};
		7D21924B29ED932D007FEEA0 /* Observable */ = {
			isa = PBXGroup;
			children = (
				7D21924E29ED93B1007FEEA0 /* PasswordHelper.swift */,
				7D21927729F04A29007FEEA0 /* FirestoreRepository.swift */,
				7D47741529F539D400FD1756 /* PhotoGalleryPermissionHandler.swift */,
				7D47742329F842A300FD1756 /* FirestoreViewModel.swift */,
				7D47742529F8719A00FD1756 /* FirebaseAuth.swift */,
				7D47742929F9AEFA00FD1756 /* NotificationPermissionHandler.swift */,
			);
			path = Observable;
			sourceTree = "<group>";
		};
		7D21925029ED93DB007FEEA0 /* Struct */ = {
			isa = PBXGroup;
			children = (
				7D21925129ED9418007FEEA0 /* CharChecker.swift */,
				7D21927329EDC640007FEEA0 /* User.swift */,
				7D21927E29F053DE007FEEA0 /* ThrowableResult.swift */,
				7D21928C29F2D130007FEEA0 /* DateTime.swift */,
				7D47742B29FC0A7A00FD1756 /* WeekDays.swift */,
			);
			path = Struct;
			sourceTree = "<group>";
		};
		7D21925329ED9487007FEEA0 /* Protocol */ = {
			isa = PBXGroup;
			children = (
				7D21925429ED9499007FEEA0 /* OptionalView.swift */,
			);
			path = Protocol;
			sourceTree = "<group>";
		};
		7D21925C29ED9665007FEEA0 /* ViewModifier */ = {
			isa = PBXGroup;
			children = (
				7D21925D29ED9683007FEEA0 /* LoginModifier.swift */,
				7D21927129ED99B9007FEEA0 /* DeviceRotationModifier.swift */,
				7D47740229F2FC0E00FD1756 /* FillFormModifier.swift */,
				7D47740429F2FC5C00FD1756 /* FormButtonModifier.swift */,
				7D47740629F2FC7500FD1756 /* SectionHeaderModifier.swift */,
				7D47740E29F5030500FD1756 /* NavigationViewModifier.swift */,
			);
			path = ViewModifier;
			sourceTree = "<group>";
		};
		7D21926629ED9833007FEEA0 /* Global */ = {
			isa = PBXGroup;
			children = (
				7D21926729ED9842007FEEA0 /* AppGlobal.swift */,
				7D21926F29ED9917007FEEA0 /* Dummy.swift */,
				7D47741B29F6C64F00FD1756 /* FileHandler.swift */,
			);
			path = Global;
			sourceTree = "<group>";
		};
		7D21926929ED985E007FEEA0 /* Enum */ = {
			isa = PBXGroup;
			children = (
				7D21926A29ED9872007FEEA0 /* PasswordLevel.swift */,
				7D47741D29F6CDD900FD1756 /* ImageExt.swift */,
			);
			path = Enum;
			sourceTree = "<group>";
		};
		7D21926C29ED9887007FEEA0 /* Extension */ = {
			isa = PBXGroup;
			children = (
				7D21926D29ED98AD007FEEA0 /* AppExtensions.swift */,
			);
			path = Extension;
			sourceTree = "<group>";
		};
		7D21927B29F05112007FEEA0 /* Frameworks */ = {
			isa = PBXGroup;
			children = (
			);
			name = Frameworks;
			sourceTree = "<group>";
		};
		7D47741029F504CD00FD1756 /* PageView */ = {
			isa = PBXGroup;
			children = (
				7D21928229F06F60007FEEA0 /* ProfileView.swift */,
				7D21928829F1BE58007FEEA0 /* HabitView.swift */,
				7D21926329ED97DC007FEEA0 /* LoginView.swift */,
				7D21926129ED9747007FEEA0 /* SignupView.swift */,
				7D47742729F96A6600FD1756 /* AddHabitView.swift */,
			);
			path = PageView;
			sourceTree = "<group>";
		};
		7D47741129F5061E00FD1756 /* CardView */ = {
			isa = PBXGroup;
			children = (
				7D47740029F2F7DC00FD1756 /* StatusCardView.swift */,
				7D47741929F5B04900FD1756 /* SettingsCardView.swift */,
				7D47741F29F6E27400FD1756 /* HabitCardView.swift */,
			);
			path = CardView;
			sourceTree = "<group>";
		};
		7D47741229F50F1800FD1756 /* Controller */ = {
			isa = PBXGroup;
			children = (
				7D47741329F50F2B00FD1756 /* ImagePicker.swift */,
			);
			path = Controller;
			sourceTree = "<group>";
		};
/* End PBXGroup section */

/* Begin PBXNativeTarget section */
		7D21922E29ED8EA1007FEEA0 /* TrackMyHabits */ = {
			isa = PBXNativeTarget;
			buildConfigurationList = 7D21923D29ED8EA3007FEEA0 /* Build configuration list for PBXNativeTarget "TrackMyHabits" */;
			buildPhases = (
				7D21922B29ED8EA1007FEEA0 /* Sources */,
				7D21922C29ED8EA1007FEEA0 /* Frameworks */,
				7D21922D29ED8EA1007FEEA0 /* Resources */,
			);
			buildRules = (
			);
			dependencies = (
			);
			name = TrackMyHabits;
			packageProductDependencies = (
				7D21924229ED9010007FEEA0 /* FirebaseAuth */,
				7D21924429ED9010007FEEA0 /* FirebaseFirestore */,
				7D21924629ED9010007FEEA0 /* FirebaseStorage */,
				7D21927C29F05112007FEEA0 /* FirebaseFirestoreSwift */,
			);
			productName = TrackMyHabits;
			productReference = 7D21922F29ED8EA1007FEEA0 /* TrackMyHabits.app */;
			productType = "com.apple.product-type.application";
		};
/* End PBXNativeTarget section */

/* Begin PBXProject section */
		7D21922729ED8EA1007FEEA0 /* Project object */ = {
			isa = PBXProject;
			attributes = {
				BuildIndependentTargetsInParallel = 1;
				LastSwiftUpdateCheck = 1420;
				LastUpgradeCheck = 1420;
				TargetAttributes = {
					7D21922E29ED8EA1007FEEA0 = {
						CreatedOnToolsVersion = 14.2;
					};
				};
			};
			buildConfigurationList = 7D21922A29ED8EA1007FEEA0 /* Build configuration list for PBXProject "TrackMyHabits" */;
			compatibilityVersion = "Xcode 14.0";
			developmentRegion = en;
			hasScannedForEncodings = 0;
			knownRegions = (
				en,
				Base,
			);
			mainGroup = 7D21922629ED8EA1007FEEA0;
			packageReferences = (
				7D21924129ED9010007FEEA0 /* XCRemoteSwiftPackageReference "firebase-ios-sdk" */,
			);
			productRefGroup = 7D21923029ED8EA1007FEEA0 /* Products */;
			projectDirPath = "";
			projectRoot = "";
			targets = (
				7D21922E29ED8EA1007FEEA0 /* TrackMyHabits */,
			);
		};
/* End PBXProject section */

/* Begin PBXResourcesBuildPhase section */
		7D21922D29ED8EA1007FEEA0 /* Resources */ = {
			isa = PBXResourcesBuildPhase;
			buildActionMask = 2147483647;
			files = (
				7D21923A29ED8EA3007FEEA0 /* Preview Assets.xcassets in Resources */,
				7D21923729ED8EA3007FEEA0 /* Assets.xcassets in Resources */,
				7D21924A29ED91A9007FEEA0 /* GoogleService-Info.plist in Resources */,
			);
			runOnlyForDeploymentPostprocessing = 0;
		};
/* End PBXResourcesBuildPhase section */

/* Begin PBXSourcesBuildPhase section */
		7D21922B29ED8EA1007FEEA0 /* Sources */ = {
			isa = PBXSourcesBuildPhase;
			buildActionMask = 2147483647;
			files = (
				7D47740929F3D52400FD1756 /* NavigationButton.swift in Sources */,
				7D21926229ED9747007FEEA0 /* SignupView.swift in Sources */,
				7D21927029ED9917007FEEA0 /* Dummy.swift in Sources */,
				7D47740729F2FC7500FD1756 /* SectionHeaderModifier.swift in Sources */,
				7D47742A29F9AEFA00FD1756 /* NotificationPermissionHandler.swift in Sources */,
				7D21925529ED9499007FEEA0 /* OptionalView.swift in Sources */,
				7D21928929F1BE58007FEEA0 /* HabitView.swift in Sources */,
				7D21925E29ED9683007FEEA0 /* LoginModifier.swift in Sources */,
				7D21926829ED9842007FEEA0 /* AppGlobal.swift in Sources */,
				7D21927F29F053DE007FEEA0 /* ThrowableResult.swift in Sources */,
				7D47740B29F5010000FD1756 /* HeaderSubHeaderView.swift in Sources */,
				7D47740529F2FC5C00FD1756 /* FormButtonModifier.swift in Sources */,
				7D47741E29F6CDD900FD1756 /* ImageExt.swift in Sources */,
				7D21925229ED9418007FEEA0 /* CharChecker.swift in Sources */,
				7D21925B29ED9628007FEEA0 /* ToggleSecurefieldView.swift in Sources */,
				7D47742629F8719A00FD1756 /* FirebaseAuth.swift in Sources */,
				7D21926029ED9720007FEEA0 /* PasswordStrengthView.swift in Sources */,
				7D47740329F2FC0E00FD1756 /* FillFormModifier.swift in Sources */,
				7D21927229ED99B9007FEEA0 /* DeviceRotationModifier.swift in Sources */,
				7D21927829F04A29007FEEA0 /* FirestoreRepository.swift in Sources */,
				7D47741429F50F2B00FD1756 /* ImagePicker.swift in Sources */,
				7D47742829F96A6600FD1756 /* AddHabitView.swift in Sources */,
				7D47741629F539D400FD1756 /* PhotoGalleryPermissionHandler.swift in Sources */,
				7D47742C29FC0A7A00FD1756 /* WeekDays.swift in Sources */,
				7D21928B29F2CBE6007FEEA0 /* ItemRow.swift in Sources */,
				7D21928D29F2D130007FEEA0 /* DateTime.swift in Sources */,
				7D47741A29F5B04900FD1756 /* SettingsCardView.swift in Sources */,
				7D47742429F842A300FD1756 /* FirestoreViewModel.swift in Sources */,
				7D21923529ED8EA1007FEEA0 /* ContentView.swift in Sources */,
				7D21926B29ED9872007FEEA0 /* PasswordLevel.swift in Sources */,
				7D21924F29ED93B1007FEEA0 /* PasswordHelper.swift in Sources */,
				7D47741C29F6C64F00FD1756 /* FileHandler.swift in Sources */,
				7D21928329F06F60007FEEA0 /* ProfileView.swift in Sources */,
				7D47740F29F5030500FD1756 /* NavigationViewModifier.swift in Sources */,
				7D21926429ED97DC007FEEA0 /* LoginView.swift in Sources */,
				7D21923329ED8EA1007FEEA0 /* TrackMyHabitsApp.swift in Sources */,
				7D21925929ED9561007FEEA0 /* GeoReaderView.swift in Sources */,
				7D47742029F6E27400FD1756 /* HabitCardView.swift in Sources */,
				7D47740129F2F7DC00FD1756 /* StatusCardView.swift in Sources */,
				7D21926E29ED98AD007FEEA0 /* AppExtensions.swift in Sources */,
				7D21927429EDC640007FEEA0 /* User.swift in Sources */,
			);
			runOnlyForDeploymentPostprocessing = 0;
		};
/* End PBXSourcesBuildPhase section */

/* Begin XCBuildConfiguration section */
		7D21923B29ED8EA3007FEEA0 /* Debug */ = {
			isa = XCBuildConfiguration;
			buildSettings = {
				ALWAYS_SEARCH_USER_PATHS = NO;
				CLANG_ANALYZER_NONNULL = YES;
				CLANG_ANALYZER_NUMBER_OBJECT_CONVERSION = YES_AGGRESSIVE;
				CLANG_CXX_LANGUAGE_STANDARD = "gnu++20";
				CLANG_ENABLE_MODULES = YES;
				CLANG_ENABLE_OBJC_ARC = YES;
				CLANG_ENABLE_OBJC_WEAK = YES;
				CLANG_WARN_BLOCK_CAPTURE_AUTORELEASING = YES;
				CLANG_WARN_BOOL_CONVERSION = YES;
				CLANG_WARN_COMMA = YES;
				CLANG_WARN_CONSTANT_CONVERSION = YES;
				CLANG_WARN_DEPRECATED_OBJC_IMPLEMENTATIONS = YES;
				CLANG_WARN_DIRECT_OBJC_ISA_USAGE = YES_ERROR;
				CLANG_WARN_DOCUMENTATION_COMMENTS = YES;
				CLANG_WARN_EMPTY_BODY = YES;
				CLANG_WARN_ENUM_CONVERSION = YES;
				CLANG_WARN_INFINITE_RECURSION = YES;
				CLANG_WARN_INT_CONVERSION = YES;
				CLANG_WARN_NON_LITERAL_NULL_CONVERSION = YES;
				CLANG_WARN_OBJC_IMPLICIT_RETAIN_SELF = YES;
				CLANG_WARN_OBJC_LITERAL_CONVERSION = YES;
				CLANG_WARN_OBJC_ROOT_CLASS = YES_ERROR;
				CLANG_WARN_QUOTED_INCLUDE_IN_FRAMEWORK_HEADER = YES;
				CLANG_WARN_RANGE_LOOP_ANALYSIS = YES;
				CLANG_WARN_STRICT_PROTOTYPES = YES;
				CLANG_WARN_SUSPICIOUS_MOVE = YES;
				CLANG_WARN_UNGUARDED_AVAILABILITY = YES_AGGRESSIVE;
				CLANG_WARN_UNREACHABLE_CODE = YES;
				CLANG_WARN__DUPLICATE_METHOD_MATCH = YES;
				COPY_PHASE_STRIP = NO;
				DEBUG_INFORMATION_FORMAT = dwarf;
				ENABLE_STRICT_OBJC_MSGSEND = YES;
				ENABLE_TESTABILITY = YES;
				GCC_C_LANGUAGE_STANDARD = gnu11;
				GCC_DYNAMIC_NO_PIC = NO;
				GCC_NO_COMMON_BLOCKS = YES;
				GCC_OPTIMIZATION_LEVEL = 0;
				GCC_PREPROCESSOR_DEFINITIONS = (
					"DEBUG=1",
					"$(inherited)",
				);
				GCC_WARN_64_TO_32_BIT_CONVERSION = YES;
				GCC_WARN_ABOUT_RETURN_TYPE = YES_ERROR;
				GCC_WARN_UNDECLARED_SELECTOR = YES;
				GCC_WARN_UNINITIALIZED_AUTOS = YES_AGGRESSIVE;
				GCC_WARN_UNUSED_FUNCTION = YES;
				GCC_WARN_UNUSED_VARIABLE = YES;
				INFOPLIST_KEY_UIStatusBarStyle = UIStatusBarStyleLightContent;
				IPHONEOS_DEPLOYMENT_TARGET = 16.2;
				MTL_ENABLE_DEBUG_INFO = INCLUDE_SOURCE;
				MTL_FAST_MATH = YES;
				ONLY_ACTIVE_ARCH = YES;
				SDKROOT = iphoneos;
				SWIFT_ACTIVE_COMPILATION_CONDITIONS = DEBUG;
				SWIFT_OPTIMIZATION_LEVEL = "-Onone";
			};
			name = Debug;
		};
		7D21923C29ED8EA3007FEEA0 /* Release */ = {
			isa = XCBuildConfiguration;
			buildSettings = {
				ALWAYS_SEARCH_USER_PATHS = NO;
				CLANG_ANALYZER_NONNULL = YES;
				CLANG_ANALYZER_NUMBER_OBJECT_CONVERSION = YES_AGGRESSIVE;
				CLANG_CXX_LANGUAGE_STANDARD = "gnu++20";
				CLANG_ENABLE_MODULES = YES;
				CLANG_ENABLE_OBJC_ARC = YES;
				CLANG_ENABLE_OBJC_WEAK = YES;
				CLANG_WARN_BLOCK_CAPTURE_AUTORELEASING = YES;
				CLANG_WARN_BOOL_CONVERSION = YES;
				CLANG_WARN_COMMA = YES;
				CLANG_WARN_CONSTANT_CONVERSION = YES;
				CLANG_WARN_DEPRECATED_OBJC_IMPLEMENTATIONS = YES;
				CLANG_WARN_DIRECT_OBJC_ISA_USAGE = YES_ERROR;
				CLANG_WARN_DOCUMENTATION_COMMENTS = YES;
				CLANG_WARN_EMPTY_BODY = YES;
				CLANG_WARN_ENUM_CONVERSION = YES;
				CLANG_WARN_INFINITE_RECURSION = YES;
				CLANG_WARN_INT_CONVERSION = YES;
				CLANG_WARN_NON_LITERAL_NULL_CONVERSION = YES;
				CLANG_WARN_OBJC_IMPLICIT_RETAIN_SELF = YES;
				CLANG_WARN_OBJC_LITERAL_CONVERSION = YES;
				CLANG_WARN_OBJC_ROOT_CLASS = YES_ERROR;
				CLANG_WARN_QUOTED_INCLUDE_IN_FRAMEWORK_HEADER = YES;
				CLANG_WARN_RANGE_LOOP_ANALYSIS = YES;
				CLANG_WARN_STRICT_PROTOTYPES = YES;
				CLANG_WARN_SUSPICIOUS_MOVE = YES;
				CLANG_WARN_UNGUARDED_AVAILABILITY = YES_AGGRESSIVE;
				CLANG_WARN_UNREACHABLE_CODE = YES;
				CLANG_WARN__DUPLICATE_METHOD_MATCH = YES;
				COPY_PHASE_STRIP = NO;
				DEBUG_INFORMATION_FORMAT = "dwarf-with-dsym";
				ENABLE_NS_ASSERTIONS = NO;
				ENABLE_STRICT_OBJC_MSGSEND = YES;
				GCC_C_LANGUAGE_STANDARD = gnu11;
				GCC_NO_COMMON_BLOCKS = YES;
				GCC_WARN_64_TO_32_BIT_CONVERSION = YES;
				GCC_WARN_ABOUT_RETURN_TYPE = YES_ERROR;
				GCC_WARN_UNDECLARED_SELECTOR = YES;
				GCC_WARN_UNINITIALIZED_AUTOS = YES_AGGRESSIVE;
				GCC_WARN_UNUSED_FUNCTION = YES;
				GCC_WARN_UNUSED_VARIABLE = YES;
				INFOPLIST_KEY_UIStatusBarStyle = UIStatusBarStyleLightContent;
				IPHONEOS_DEPLOYMENT_TARGET = 16.2;
				MTL_ENABLE_DEBUG_INFO = NO;
				MTL_FAST_MATH = YES;
				SDKROOT = iphoneos;
				SWIFT_COMPILATION_MODE = wholemodule;
				SWIFT_OPTIMIZATION_LEVEL = "-O";
				VALIDATE_PRODUCT = YES;
			};
			name = Release;
		};
		7D21923E29ED8EA3007FEEA0 /* Debug */ = {
			isa = XCBuildConfiguration;
			buildSettings = {
				ASSETCATALOG_COMPILER_APPICON_NAME = AppIcon;
				ASSETCATALOG_COMPILER_GLOBAL_ACCENT_COLOR_NAME = AccentColor;
				CODE_SIGN_STYLE = Automatic;
				CURRENT_PROJECT_VERSION = 1;
				DEVELOPMENT_ASSET_PATHS = "\"TrackMyHabits/Preview Content\"";
				DEVELOPMENT_TEAM = 46XS2RD832;
				ENABLE_PREVIEWS = YES;
				GENERATE_INFOPLIST_FILE = YES;
				INFOPLIST_FILE = TrackMyHabits/Info.plist;
				INFOPLIST_KEY_UIApplicationSupportsIndirectInputEvents = YES;
				INFOPLIST_KEY_UILaunchScreen_Generation = YES;
				INFOPLIST_KEY_UIRequiresFullScreen = YES;
				INFOPLIST_KEY_UIStatusBarStyle = UIStatusBarStyleLightContent;
				INFOPLIST_KEY_UISupportedInterfaceOrientations_iPad = "UIInterfaceOrientationPortrait UIInterfaceOrientationPortraitUpsideDown UIInterfaceOrientationLandscapeLeft UIInterfaceOrientationLandscapeRight";
				INFOPLIST_KEY_UISupportedInterfaceOrientations_iPhone = "UIInterfaceOrientationPortrait UIInterfaceOrientationLandscapeLeft UIInterfaceOrientationLandscapeRight";
				LD_RUNPATH_SEARCH_PATHS = (
					"$(inherited)",
					"@executable_path/Frameworks",
				);
				MARKETING_VERSION = 1.0;
				PRODUCT_BUNDLE_IDENTIFIER = com.sumpen99.TrackMyHabits;
				PRODUCT_NAME = "$(TARGET_NAME)";
				SWIFT_EMIT_LOC_STRINGS = YES;
				SWIFT_VERSION = 5.0;
				TARGETED_DEVICE_FAMILY = "1,2";
			};
			name = Debug;
		};
		7D21923F29ED8EA3007FEEA0 /* Release */ = {
			isa = XCBuildConfiguration;
			buildSettings = {
				ASSETCATALOG_COMPILER_APPICON_NAME = AppIcon;
				ASSETCATALOG_COMPILER_GLOBAL_ACCENT_COLOR_NAME = AccentColor;
				CODE_SIGN_STYLE = Automatic;
				CURRENT_PROJECT_VERSION = 1;
				DEVELOPMENT_ASSET_PATHS = "\"TrackMyHabits/Preview Content\"";
				DEVELOPMENT_TEAM = 46XS2RD832;
				ENABLE_PREVIEWS = YES;
				GENERATE_INFOPLIST_FILE = YES;
				INFOPLIST_FILE = TrackMyHabits/Info.plist;
				INFOPLIST_KEY_UIApplicationSupportsIndirectInputEvents = YES;
				INFOPLIST_KEY_UILaunchScreen_Generation = YES;
				INFOPLIST_KEY_UIRequiresFullScreen = YES;
				INFOPLIST_KEY_UIStatusBarStyle = UIStatusBarStyleLightContent;
				INFOPLIST_KEY_UISupportedInterfaceOrientations_iPad = "UIInterfaceOrientationPortrait UIInterfaceOrientationPortraitUpsideDown UIInterfaceOrientationLandscapeLeft UIInterfaceOrientationLandscapeRight";
				INFOPLIST_KEY_UISupportedInterfaceOrientations_iPhone = "UIInterfaceOrientationPortrait UIInterfaceOrientationLandscapeLeft UIInterfaceOrientationLandscapeRight";
				LD_RUNPATH_SEARCH_PATHS = (
					"$(inherited)",
					"@executable_path/Frameworks",
				);
				MARKETING_VERSION = 1.0;
				PRODUCT_BUNDLE_IDENTIFIER = com.sumpen99.TrackMyHabits;
				PRODUCT_NAME = "$(TARGET_NAME)";
				SWIFT_EMIT_LOC_STRINGS = YES;
				SWIFT_VERSION = 5.0;
				TARGETED_DEVICE_FAMILY = "1,2";
			};
			name = Release;
		};
/* End XCBuildConfiguration section */

/* Begin XCConfigurationList section */
		7D21922A29ED8EA1007FEEA0 /* Build configuration list for PBXProject "TrackMyHabits" */ = {
			isa = XCConfigurationList;
			buildConfigurations = (
				7D21923B29ED8EA3007FEEA0 /* Debug */,
				7D21923C29ED8EA3007FEEA0 /* Release */,
			);
			defaultConfigurationIsVisible = 0;
			defaultConfigurationName = Release;
		};
		7D21923D29ED8EA3007FEEA0 /* Build configuration list for PBXNativeTarget "TrackMyHabits" */ = {
			isa = XCConfigurationList;
			buildConfigurations = (
				7D21923E29ED8EA3007FEEA0 /* Debug */,
				7D21923F29ED8EA3007FEEA0 /* Release */,
			);
			defaultConfigurationIsVisible = 0;
			defaultConfigurationName = Release;
		};
/* End XCConfigurationList section */

/* Begin XCRemoteSwiftPackageReference section */
		7D21924129ED9010007FEEA0 /* XCRemoteSwiftPackageReference "firebase-ios-sdk" */ = {
			isa = XCRemoteSwiftPackageReference;
			repositoryURL = "https://github.com/firebase/firebase-ios-sdk";
			requirement = {
				kind = upToNextMajorVersion;
				minimumVersion = 9.0.0;
			};
		};
/* End XCRemoteSwiftPackageReference section */

/* Begin XCSwiftPackageProductDependency section */
		7D21924229ED9010007FEEA0 /* FirebaseAuth */ = {
			isa = XCSwiftPackageProductDependency;
			package = 7D21924129ED9010007FEEA0 /* XCRemoteSwiftPackageReference "firebase-ios-sdk" */;
			productName = FirebaseAuth;
		};
		7D21924429ED9010007FEEA0 /* FirebaseFirestore */ = {
			isa = XCSwiftPackageProductDependency;
			package = 7D21924129ED9010007FEEA0 /* XCRemoteSwiftPackageReference "firebase-ios-sdk" */;
			productName = FirebaseFirestore;
		};
		7D21924629ED9010007FEEA0 /* FirebaseStorage */ = {
			isa = XCSwiftPackageProductDependency;
			package = 7D21924129ED9010007FEEA0 /* XCRemoteSwiftPackageReference "firebase-ios-sdk" */;
			productName = FirebaseStorage;
		};
		7D21927C29F05112007FEEA0 /* FirebaseFirestoreSwift */ = {
			isa = XCSwiftPackageProductDependency;
			package = 7D21924129ED9010007FEEA0 /* XCRemoteSwiftPackageReference "firebase-ios-sdk" */;
			productName = FirebaseFirestoreSwift;
		};
/* End XCSwiftPackageProductDependency section */
	};
	rootObject = 7D21922729ED8EA1007FEEA0 /* Project object */;
}
